
Microsoft Visual Studio Solution File, Format Version 12.00
# Visual Studio Version 17
VisualStudioVersion = 17.5.33530.505
MinimumVisualStudioVersion = 10.0.40219.1
Project("{9A19103F-16F7-4668-BE54-9A1E7A4F7556}") = "ViewPagerMaui", "ViewPager\ViewPagerMaui.csproj", "{16FCF48F-1769-4E82-BD03-9B6768A9417B}"
EndProject
Project("{9A19103F-16F7-4668-BE54-9A1E7A4F7556}") = "TabViewMaui", "TabView\TabViewMaui.csproj", "{CBA043F5-7D79-43FC-A837-A64889DF2756}"
EndProject
Project("{9A19103F-16F7-4668-BE54-9A1E7A4F7556}") = "TestApplicationMaui", "TestApplicationMaui\TestApplicationMaui.csproj", "{DAE91156-9540-436F-B85E-2B33AFB66586}"
EndProject
Project("{9A19103F-16F7-4668-BE54-9A1E7A4F7556}") = "RSInputViewMaui", "RSInputViewMaui\RSInputViewMaui.csproj", "{C818629D-100C-468E-BE37-249937FD7A21}"
EndProject
Project("{FAE04EC0-301F-11D3-BF4B-00C04F79EFBC}") = "RSGifLoaderMaui", "RSGifLoaderMaui\RSGifLoaderMaui.csproj", "{1F552E94-5B3E-4410-B500-DB913464DCF8}"
EndProject
Global
	GlobalSection(SolutionConfigurationPlatforms) = preSolution
		Debug|Any CPU = Debug|Any CPU
		Release|Any CPU = Release|Any CPU
	EndGlobalSection
	GlobalSection(ProjectConfigurationPlatforms) = postSolution
		{16FCF48F-1769-4E82-BD03-9B6768A9417B}.Debug|Any CPU.ActiveCfg = Debug|Any CPU
		{16FCF48F-1769-4E82-BD03-9B6768A9417B}.Debug|Any CPU.Build.0 = Debug|Any CPU
		{16FCF48F-1769-4E82-BD03-9B6768A9417B}.Release|Any CPU.ActiveCfg = Release|Any CPU
		{16FCF48F-1769-4E82-BD03-9B6768A9417B}.Release|Any CPU.Build.0 = Release|Any CPU
		{CBA043F5-7D79-43FC-A837-A64889DF2756}.Debug|Any CPU.ActiveCfg = Debug|Any CPU
		{CBA043F5-7D79-43FC-A837-A64889DF2756}.Debug|Any CPU.Build.0 = Debug|Any CPU
		{CBA043F5-7D79-43FC-A837-A64889DF2756}.Release|Any CPU.ActiveCfg = Release|Any CPU
		{CBA043F5-7D79-43FC-A837-A64889DF2756}.Release|Any CPU.Build.0 = Release|Any CPU
		{DAE91156-9540-436F-B85E-2B33AFB66586}.Debug|Any CPU.ActiveCfg = Debug|Any CPU
		{DAE91156-9540-436F-B85E-2B33AFB66586}.Debug|Any CPU.Build.0 = Debug|Any CPU
		{DAE91156-9540-436F-B85E-2B33AFB66586}.Debug|Any CPU.Deploy.0 = Debug|Any CPU
		{DAE91156-9540-436F-B85E-2B33AFB66586}.Release|Any CPU.ActiveCfg = Release|Any CPU
		{DAE91156-9540-436F-B85E-2B33AFB66586}.Release|Any CPU.Build.0 = Release|Any CPU
		{DAE91156-9540-436F-B85E-2B33AFB66586}.Release|Any CPU.Deploy.0 = Release|Any CPU
		{C818629D-100C-468E-BE37-249937FD7A21}.Debug|Any CPU.ActiveCfg = Debug|Any CPU
		{C818629D-100C-468E-BE37-249937FD7A21}.Debug|Any CPU.Build.0 = Debug|Any CPU
		{C818629D-100C-468E-BE37-249937FD7A21}.Release|Any CPU.ActiveCfg = Release|Any CPU
		{C818629D-100C-468E-BE37-249937FD7A21}.Release|Any CPU.Build.0 = Release|Any CPU
		{1F552E94-5B3E-4410-B500-DB913464DCF8}.Debug|Any CPU.ActiveCfg = Debug|Any CPU
		{1F552E94-5B3E-4410-B500-DB913464DCF8}.Debug|Any CPU.Build.0 = Debug|Any CPU
		{1F552E94-5B3E-4410-B500-DB913464DCF8}.Release|Any CPU.ActiveCfg = Release|Any CPU
		{1F552E94-5B3E-4410-B500-DB913464DCF8}.Release|Any CPU.Build.0 = Release|Any CPU
	EndGlobalSection
	GlobalSection(SolutionProperties) = preSolution
		HideSolutionNode = FALSE
	EndGlobalSection
	GlobalSection(ExtensibilityGlobals) = postSolution
		SolutionGuid = {BF253A5D-01EA-43C8-9874-D142EE130B49}
	EndGlobalSection
EndGlobal
